
Microsoft Visual Studio Solution File, Format Version 12.00
# Visual Studio Version 16
VisualStudioVersion = 16.0.29519.87
MinimumVisualStudioVersion = 10.0.40219.1
Project("{F184B08F-C81C-45F6-A57F-5ABD9991F28F}") = "Scientific Calculator-Design", "Scientific Calculator-Design\Scientific Calculator-Design.vbproj", "{E49DF358-924C-4FF8-8E27-2AAD25CAE989}"
EndProject
Global
	GlobalSection(SolutionConfigurationPlatforms) = preSolution
		Debug|Any CPU = Debug|Any CPU
		Release|Any CPU = Release|Any CPU
	EndGlobalSection
	GlobalSection(ProjectConfigurationPlatforms) = postSolution
		{E49DF358-924C-4FF8-8E27-2AAD25CAE989}.Debug|Any CPU.ActiveCfg = Debug|Any CPU
		{E49DF358-924C-4FF8-8E27-2AAD25CAE989}.Debug|Any CPU.Build.0 = Debug|Any CPU
		{E49DF358-924C-4FF8-8E27-2AAD25CAE989}.Release|Any CPU.ActiveCfg = Release|Any CPU
		{E49DF358-924C-4FF8-8E27-2AAD25CAE989}.Release|Any CPU.Build.0 = Release|Any CPU
	EndGlobalSection
	GlobalSection(SolutionProperties) = preSolution
		HideSolutionNode = FALSE
	EndGlobalSection
	GlobalSection(ExtensibilityGlobals) = postSolution
		SolutionGuid = {9E303BE4-6ACE-4A8D-B5BD-B67E2061B429}
	EndGlobalSection
EndGlobal
